
Microsoft Visual Studio Solution File, Format Version 12.00
# Visual Studio Version 17
VisualStudioVersion = 17.4.33205.214
MinimumVisualStudioVersion = 10.0.40219.1
Project("{FAE04EC0-301F-11D3-BF4B-00C04F79EFBC}") = "WebApplication8", "WebApplication8\WebApplication8.csproj", "{A0E7E6DC-84B9-48DE-ABE6-77A4921BD55F}"
EndProject
Global
	GlobalSection(SolutionConfigurationPlatforms) = preSolution
		Debug|Any CPU = Debug|Any CPU
		Release|Any CPU = Release|Any CPU
	EndGlobalSection
	GlobalSection(ProjectConfigurationPlatforms) = postSolution
		{A0E7E6DC-84B9-48DE-ABE6-77A4921BD55F}.Debug|Any CPU.ActiveCfg = Debug|Any CPU
		{A0E7E6DC-84B9-48DE-ABE6-77A4921BD55F}.Debug|Any CPU.Build.0 = Debug|Any CPU
		{A0E7E6DC-84B9-48DE-ABE6-77A4921BD55F}.Release|Any CPU.ActiveCfg = Release|Any CPU
		{A0E7E6DC-84B9-48DE-ABE6-77A4921BD55F}.Release|Any CPU.Build.0 = Release|Any CPU
	EndGlobalSection
	GlobalSection(SolutionProperties) = preSolution
		HideSolutionNode = FALSE
	EndGlobalSection
	GlobalSection(ExtensibilityGlobals) = postSolution
		SolutionGuid = {DB25F60F-6E44-4348-B601-E07DCC059693}
	EndGlobalSection
EndGlobal
